
Microsoft Visual Studio Solution File, Format Version 12.00
# Visual Studio Version 17
VisualStudioVersion = 17.5.33627.172
MinimumVisualStudioVersion = 10.0.40219.1
Project("{9A19103F-16F7-4668-BE54-9A1E7A4F7556}") = "ClassroomHub.Web", "ClassroomHub\ClassroomHub.Web.csproj", "{4EA4F2C3-3354-4792-B1BA-B1A7FD486A57}"
EndProject
Project("{FAE04EC0-301F-11D3-BF4B-00C04F79EFBC}") = "ClassroomHub.Core", "ClassroomHub.Core\ClassroomHub.Core.csproj", "{ED4937B7-F315-4A71-89EE-028BB784A61E}"
EndProject
Project("{FAE04EC0-301F-11D3-BF4B-00C04F79EFBC}") = "ClassroomHub.Services", "ClassroomHub.Services\ClassroomHub.Services.csproj", "{F1CDFA00-C02D-409C-B7EE-B8C621D105B8}"
EndProject
Project("{FAE04EC0-301F-11D3-BF4B-00C04F79EFBC}") = "ClassroomHub.Data", "ClassroomHub.Data\ClassroomHub.Data.csproj", "{A501E40D-F3DF-4018-9099-71A66A964799}"
EndProject
Global
	GlobalSection(SolutionConfigurationPlatforms) = preSolution
		Debug|Any CPU = Debug|Any CPU
		Release|Any CPU = Release|Any CPU
	EndGlobalSection
	GlobalSection(ProjectConfigurationPlatforms) = postSolution
		{4EA4F2C3-3354-4792-B1BA-B1A7FD486A57}.Debug|Any CPU.ActiveCfg = Debug|Any CPU
		{4EA4F2C3-3354-4792-B1BA-B1A7FD486A57}.Debug|Any CPU.Build.0 = Debug|Any CPU
		{4EA4F2C3-3354-4792-B1BA-B1A7FD486A57}.Release|Any CPU.ActiveCfg = Release|Any CPU
		{4EA4F2C3-3354-4792-B1BA-B1A7FD486A57}.Release|Any CPU.Build.0 = Release|Any CPU
		{ED4937B7-F315-4A71-89EE-028BB784A61E}.Debug|Any CPU.ActiveCfg = Debug|Any CPU
		{ED4937B7-F315-4A71-89EE-028BB784A61E}.Debug|Any CPU.Build.0 = Debug|Any CPU
		{ED4937B7-F315-4A71-89EE-028BB784A61E}.Release|Any CPU.ActiveCfg = Release|Any CPU
		{ED4937B7-F315-4A71-89EE-028BB784A61E}.Release|Any CPU.Build.0 = Release|Any CPU
		{F1CDFA00-C02D-409C-B7EE-B8C621D105B8}.Debug|Any CPU.ActiveCfg = Debug|Any CPU
		{F1CDFA00-C02D-409C-B7EE-B8C621D105B8}.Debug|Any CPU.Build.0 = Debug|Any CPU
		{F1CDFA00-C02D-409C-B7EE-B8C621D105B8}.Release|Any CPU.ActiveCfg = Release|Any CPU
		{F1CDFA00-C02D-409C-B7EE-B8C621D105B8}.Release|Any CPU.Build.0 = Release|Any CPU
		{A501E40D-F3DF-4018-9099-71A66A964799}.Debug|Any CPU.ActiveCfg = Debug|Any CPU
		{A501E40D-F3DF-4018-9099-71A66A964799}.Debug|Any CPU.Build.0 = Debug|Any CPU
		{A501E40D-F3DF-4018-9099-71A66A964799}.Release|Any CPU.ActiveCfg = Release|Any CPU
		{A501E40D-F3DF-4018-9099-71A66A964799}.Release|Any CPU.Build.0 = Release|Any CPU
	EndGlobalSection
	GlobalSection(SolutionProperties) = preSolution
		HideSolutionNode = FALSE
	EndGlobalSection
	GlobalSection(ExtensibilityGlobals) = postSolution
		SolutionGuid = {B928D7E7-63AA-4009-992B-420F73625D57}
	EndGlobalSection
EndGlobal
